
Microsoft Visual Studio Solution File, Format Version 12.00
# Visual Studio Version 16
VisualStudioVersion = 16.0.29009.5
MinimumVisualStudioVersion = 10.0.40219.1
Project("{FAE04EC0-301F-11D3-BF4B-00C04F79EFBC}") = "Polymorphism", "Polymorphism\Polymorphism.csproj", "{DDEA3E02-67B1-47FB-9775-10FE0D71EAA0}"
EndProject
Global
	GlobalSection(SolutionConfigurationPlatforms) = preSolution
		Debug|Any CPU = Debug|Any CPU
		Release|Any CPU = Release|Any CPU
	EndGlobalSection
	GlobalSection(ProjectConfigurationPlatforms) = postSolution
		{DDEA3E02-67B1-47FB-9775-10FE0D71EAA0}.Debug|Any CPU.ActiveCfg = Debug|Any CPU
		{DDEA3E02-67B1-47FB-9775-10FE0D71EAA0}.Debug|Any CPU.Build.0 = Debug|Any CPU
		{DDEA3E02-67B1-47FB-9775-10FE0D71EAA0}.Release|Any CPU.ActiveCfg = Release|Any CPU
		{DDEA3E02-67B1-47FB-9775-10FE0D71EAA0}.Release|Any CPU.Build.0 = Release|Any CPU
	EndGlobalSection
	GlobalSection(SolutionProperties) = preSolution
		HideSolutionNode = FALSE
	EndGlobalSection
	GlobalSection(ExtensibilityGlobals) = postSolution
		SolutionGuid = {E1F203C3-53CD-47E3-AB66-FE817FD45E9B}
	EndGlobalSection
EndGlobal
